
Microsoft Visual Studio Solution File, Format Version 12.00
# Visual Studio Version 17
VisualStudioVersion = 17.9.34701.34
MinimumVisualStudioVersion = 10.0.40219.1
Project("{FAE04EC0-301F-11D3-BF4B-00C04F79EFBC}") = "store", "store\store.csproj", "{ADACF0B8-1A36-4272-8A93-BA6843784D12}"
EndProject
Global
	GlobalSection(SolutionConfigurationPlatforms) = preSolution
		Debug|Any CPU = Debug|Any CPU
		Release|Any CPU = Release|Any CPU
	EndGlobalSection
	GlobalSection(ProjectConfigurationPlatforms) = postSolution
		{ADACF0B8-1A36-4272-8A93-BA6843784D12}.Debug|Any CPU.ActiveCfg = Debug|Any CPU
		{ADACF0B8-1A36-4272-8A93-BA6843784D12}.Debug|Any CPU.Build.0 = Debug|Any CPU
		{ADACF0B8-1A36-4272-8A93-BA6843784D12}.Release|Any CPU.ActiveCfg = Release|Any CPU
		{ADACF0B8-1A36-4272-8A93-BA6843784D12}.Release|Any CPU.Build.0 = Release|Any CPU
	EndGlobalSection
	GlobalSection(SolutionProperties) = preSolution
		HideSolutionNode = FALSE
	EndGlobalSection
	GlobalSection(ExtensibilityGlobals) = postSolution
		SolutionGuid = {DF8B3ACC-E79E-4BBA-838F-12D7649F4859}
	EndGlobalSection
EndGlobal
